// !$*UTF8*$!
{
	archiveVersion = 1;
	classes = {
	};
	objectVersion = 46;
	objects = {

/* Begin PBXBuildFile section */
		AD646C431A7F2F8D001DC50C /* main.cpp in Sources */ = {isa = PBXBuildFile; fileRef = AD646C421A7F2F8D001DC50C /* main.cpp */; };
		AD646C4A1A7F2FB5001DC50C /* mazequeue.cpp in Sources */ = {isa = PBXBuildFile; fileRef = AD646C491A7F2FB5001DC50C /* mazequeue.cpp */; };
/* End PBXBuildFile section */

/* Begin PBXCopyFilesBuildPhase section */
		AD646C3D1A7F2F8D001DC50C /* CopyFiles */ = {
			isa = PBXCopyFilesBuildPhase;
			buildActionMask = 2147483647;
			dstPath = /usr/share/man/man1/;
			dstSubfolderSpec = 0;
			files = (
			);
			runOnlyForDeploymentPostprocessing = 1;
		};
/* End PBXCopyFilesBuildPhase section */

/* Begin PBXFileReference section */
		AD646C3F1A7F2F8D001DC50C /* homework2_q3 */ = {isa = PBXFileReference; explicitFileType = "compiled.mach-o.executable"; includeInIndex = 0; path = homework2_q3; sourceTree = BUILT_PRODUCTS_DIR; };
		AD646C421A7F2F8D001DC50C /* main.cpp */ = {isa = PBXFileReference; lastKnownFileType = sourcecode.cpp.cpp; path = main.cpp; sourceTree = "<group>"; };
		AD646C491A7F2FB5001DC50C /* mazequeue.cpp */ = {isa = PBXFileReference; fileEncoding = 4; lastKnownFileType = sourcecode.cpp.cpp; path = mazequeue.cpp; sourceTree = "<group>"; };
/* End PBXFileReference section */

/* Begin PBXFrameworksBuildPhase section */
		AD646C3C1A7F2F8D001DC50C /* Frameworks */ = {
			isa = PBXFrameworksBuildPhase;
			buildActionMask = 2147483647;
			files = (
			);
			runOnlyForDeploymentPostprocessing = 0;
		};
/* End PBXFrameworksBuildPhase section */

/* Begin PBXGroup section */
		AD646C361A7F2F8D001DC50C = {
			isa = PBXGroup;
			children = (
				AD646C411A7F2F8D001DC50C /* homework2_q3 */,
				AD646C401A7F2F8D001DC50C /* Products */,
			);
			sourceTree = "<group>";
		};
		AD646C401A7F2F8D001DC50C /* Products */ = {
			isa = PBXGroup;
			children = (
				AD646C3F1A7F2F8D001DC50C /* homework2_q3 */,
			);
			name = Products;
			sourceTree = "<group>";
		};
		AD646C411A7F2F8D001DC50C /* homework2_q3 */ = {
			isa = PBXGroup;
			children = (
				AD646C421A7F2F8D001DC50C /* main.cpp */,
				AD646C491A7F2FB5001DC50C /* mazequeue.cpp */,
			);
			path = homework2_q3;
			sourceTree = "<group>";
		};
/* End PBXGroup section */

/* Begin PBXNativeTarget section */
		AD646C3E1A7F2F8D001DC50C /* homework2_q3 */ = {
			isa = PBXNativeTarget;
			buildConfigurationList = AD646C461A7F2F8D001DC50C /* Build configuration list for PBXNativeTarget "homework2_q3" */;
			buildPhases = (
				AD646C3B1A7F2F8D001DC50C /* Sources */,
				AD646C3C1A7F2F8D001DC50C /* Frameworks */,
				AD646C3D1A7F2F8D001DC50C /* CopyFiles */,
			);
			buildRules = (
			);
			dependencies = (
			);
			name = homework2_q3;
			productName = homework2_q3;
			productReference = AD646C3F1A7F2F8D001DC50C /* homework2_q3 */;
			productType = "com.apple.product-type.tool";
		};
/* End PBXNativeTarget section */

/* Begin PBXProject section */
		AD646C371A7F2F8D001DC50C /* Project object */ = {
			isa = PBXProject;
			attributes = {
				LastUpgradeCheck = 0610;
				ORGANIZATIONNAME = UCLA;
				TargetAttributes = {
					AD646C3E1A7F2F8D001DC50C = {
						CreatedOnToolsVersion = 6.1.1;
					};
				};
			};
			buildConfigurationList = AD646C3A1A7F2F8D001DC50C /* Build configuration list for PBXProject "homework2_q3" */;
			compatibilityVersion = "Xcode 3.2";
			developmentRegion = English;
			hasScannedForEncodings = 0;
			knownRegions = (
				en,
			);
			mainGroup = AD646C361A7F2F8D001DC50C;
			productRefGroup = AD646C401A7F2F8D001DC50C /* Products */;
			projectDirPath = "";
			projectRoot = "";
			targets = (
				AD646C3E1A7F2F8D001DC50C /* homework2_q3 */,
			);
		};
/* End PBXProject section */

/* Begin PBXSourcesBuildPhase section */
		AD646C3B1A7F2F8D001DC50C /* Sources */ = {
			isa = PBXSourcesBuildPhase;
			buildActionMask = 2147483647;
			files = (
				AD646C431A7F2F8D001DC50C /* main.cpp in Sources */,
				AD646C4A1A7F2FB5001DC50C /* mazequeue.cpp in Sources */,
			);
			runOnlyForDeploymentPostprocessing = 0;
		};
/* End PBXSourcesBuildPhase section */

/* Begin XCBuildConfiguration section */
		AD646C441A7F2F8D001DC50C /* Debug */ = {
			isa = XCBuildConfiguration;
			buildSettings = {
				ALWAYS_SEARCH_USER_PATHS = NO;
				CLANG_CXX_LANGUAGE_STANDARD = "gnu++0x";
				CLANG_CXX_LIBRARY = "libc++";
				CLANG_ENABLE_MODULES = YES;
				CLANG_ENABLE_OBJC_ARC = YES;
				CLANG_WARN_BOOL_CONVERSION = YES;
				CLANG_WARN_CONSTANT_CONVERSION = YES;
				CLANG_WARN_DIRECT_OBJC_ISA_USAGE = YES_ERROR;
				CLANG_WARN_EMPTY_BODY = YES;
				CLANG_WARN_ENUM_CONVERSION = YES;
				CLANG_WARN_INT_CONVERSION = YES;
				CLANG_WARN_OBJC_ROOT_CLASS = YES_ERROR;
				CLANG_WARN_UNREACHABLE_CODE = YES;
				CLANG_WARN__DUPLICATE_METHOD_MATCH = YES;
				COPY_PHASE_STRIP = NO;
				ENABLE_STRICT_OBJC_MSGSEND = YES;
				GCC_C_LANGUAGE_STANDARD = gnu99;
				GCC_DYNAMIC_NO_PIC = NO;
				GCC_OPTIMIZATION_LEVEL = 0;
				GCC_PREPROCESSOR_DEFINITIONS = (
					"DEBUG=1",
					"$(inherited)",
				);
				GCC_SYMBOLS_PRIVATE_EXTERN = NO;
				GCC_WARN_64_TO_32_BIT_CONVERSION = YES;
				GCC_WARN_ABOUT_RETURN_TYPE = YES_ERROR;
				GCC_WARN_UNDECLARED_SELECTOR = YES;
				GCC_WARN_UNINITIALIZED_AUTOS = YES_AGGRESSIVE;
				GCC_WARN_UNUSED_FUNCTION = YES;
				GCC_WARN_UNUSED_VARIABLE = YES;
				MACOSX_DEPLOYMENT_TARGET = 10.10;
				MTL_ENABLE_DEBUG_INFO = YES;
				ONLY_ACTIVE_ARCH = YES;
				SDKROOT = macosx;
			};
			name = Debug;
		};
		AD646C451A7F2F8D001DC50C /* Release */ = {
			isa = XCBuildConfiguration;
			buildSettings = {
				ALWAYS_SEARCH_USER_PATHS = NO;
				CLANG_CXX_LANGUAGE_STANDARD = "gnu++0x";
				CLANG_CXX_LIBRARY = "libc++";
				CLANG_ENABLE_MODULES = YES;
				CLANG_ENABLE_OBJC_ARC = YES;
				CLANG_WARN_BOOL_CONVERSION = YES;
				CLANG_WARN_CONSTANT_CONVERSION = YES;
				CLANG_WARN_DIRECT_OBJC_ISA_USAGE = YES_ERROR;
				CLANG_WARN_EMPTY_BODY = YES;
				CLANG_WARN_ENUM_CONVERSION = YES;
				CLANG_WARN_INT_CONVERSION = YES;
				CLANG_WARN_OBJC_ROOT_CLASS = YES_ERROR;
				CLANG_WARN_UNREACHABLE_CODE = YES;
				CLANG_WARN__DUPLICATE_METHOD_MATCH = YES;
				COPY_PHASE_STRIP = YES;
				DEBUG_INFORMATION_FORMAT = "dwarf-with-dsym";
				ENABLE_NS_ASSERTIONS = NO;
				ENABLE_STRICT_OBJC_MSGSEND = YES;
				GCC_C_LANGUAGE_STANDARD = gnu99;
				GCC_WARN_64_TO_32_BIT_CONVERSION = YES;
				GCC_WARN_ABOUT_RETURN_TYPE = YES_ERROR;
				GCC_WARN_UNDECLARED_SELECTOR = YES;
				GCC_WARN_UNINITIALIZED_AUTOS = YES_AGGRESSIVE;
				GCC_WARN_UNUSED_FUNCTION = YES;
				GCC_WARN_UNUSED_VARIABLE = YES;
				MACOSX_DEPLOYMENT_TARGET = 10.10;
				MTL_ENABLE_DEBUG_INFO = NO;
				SDKROOT = macosx;
			};
			name = Release;
		};
		AD646C471A7F2F8D001DC50C /* Debug */ = {
			isa = XCBuildConfiguration;
			buildSettings = {
				PRODUCT_NAME = "$(TARGET_NAME)";
			};
			name = Debug;
		};
		AD646C481A7F2F8D001DC50C /* Release */ = {
			isa = XCBuildConfiguration;
			buildSettings = {
				PRODUCT_NAME = "$(TARGET_NAME)";
			};
			name = Release;
		};
/* End XCBuildConfiguration section */

/* Begin XCConfigurationList section */
		AD646C3A1A7F2F8D001DC50C /* Build configuration list for PBXProject "homework2_q3" */ = {
			isa = XCConfigurationList;
			buildConfigurations = (
				AD646C441A7F2F8D001DC50C /* Debug */,
				AD646C451A7F2F8D001DC50C /* Release */,
			);
			defaultConfigurationIsVisible = 0;
			defaultConfigurationName = Release;
		};
		AD646C461A7F2F8D001DC50C /* Build configuration list for PBXNativeTarget "homework2_q3" */ = {
			isa = XCConfigurationList;
			buildConfigurations = (
				AD646C471A7F2F8D001DC50C /* Debug */,
				AD646C481A7F2F8D001DC50C /* Release */,
			);
			defaultConfigurationIsVisible = 0;
		};
/* End XCConfigurationList section */
	};
	rootObject = AD646C371A7F2F8D001DC50C /* Project object */;
}
