// !$*UTF8*$!
{
	archiveVersion = 1;
	classes = {
	};
	objectVersion = 46;
	objects = {

/* Begin PBXBuildFile section */
		ADA05A121A90853E00DCA4BB /* main2.cpp in Sources */ = {isa = PBXBuildFile; fileRef = ADA05A111A90853E00DCA4BB /* main2.cpp */; };
		ADA05A141A9085B500DCA4BB /* main3.cpp in Sources */ = {isa = PBXBuildFile; fileRef = ADA05A131A9085B500DCA4BB /* main3.cpp */; };
		ADC2F5C11A8BED84001A7DE6 /* main.cpp in Sources */ = {isa = PBXBuildFile; fileRef = ADC2F5C01A8BED84001A7DE6 /* main.cpp */; };
/* End PBXBuildFile section */

/* Begin PBXCopyFilesBuildPhase section */
		ADC2F5BB1A8BED84001A7DE6 /* CopyFiles */ = {
			isa = PBXCopyFilesBuildPhase;
			buildActionMask = 2147483647;
			dstPath = /usr/share/man/man1/;
			dstSubfolderSpec = 0;
			files = (
			);
			runOnlyForDeploymentPostprocessing = 1;
		};
/* End PBXCopyFilesBuildPhase section */

/* Begin PBXFileReference section */
		ADA05A111A90853E00DCA4BB /* main2.cpp */ = {isa = PBXFileReference; fileEncoding = 4; lastKnownFileType = sourcecode.cpp.cpp; path = main2.cpp; sourceTree = "<group>"; };
		ADA05A131A9085B500DCA4BB /* main3.cpp */ = {isa = PBXFileReference; fileEncoding = 4; lastKnownFileType = sourcecode.cpp.cpp; path = main3.cpp; sourceTree = "<group>"; };
		ADC2F5BD1A8BED84001A7DE6 /* proj3 warmup */ = {isa = PBXFileReference; explicitFileType = "compiled.mach-o.executable"; includeInIndex = 0; path = "proj3 warmup"; sourceTree = BUILT_PRODUCTS_DIR; };
		ADC2F5C01A8BED84001A7DE6 /* main.cpp */ = {isa = PBXFileReference; lastKnownFileType = sourcecode.cpp.cpp; path = main.cpp; sourceTree = "<group>"; };
/* End PBXFileReference section */

/* Begin PBXFrameworksBuildPhase section */
		ADC2F5BA1A8BED84001A7DE6 /* Frameworks */ = {
			isa = PBXFrameworksBuildPhase;
			buildActionMask = 2147483647;
			files = (
			);
			runOnlyForDeploymentPostprocessing = 0;
		};
/* End PBXFrameworksBuildPhase section */

/* Begin PBXGroup section */
		ADC2F5B41A8BED84001A7DE6 = {
			isa = PBXGroup;
			children = (
				ADC2F5BF1A8BED84001A7DE6 /* proj3 warmup */,
				ADC2F5BE1A8BED84001A7DE6 /* Products */,
			);
			sourceTree = "<group>";
		};
		ADC2F5BE1A8BED84001A7DE6 /* Products */ = {
			isa = PBXGroup;
			children = (
				ADC2F5BD1A8BED84001A7DE6 /* proj3 warmup */,
			);
			name = Products;
			sourceTree = "<group>";
		};
		ADC2F5BF1A8BED84001A7DE6 /* proj3 warmup */ = {
			isa = PBXGroup;
			children = (
				ADC2F5C01A8BED84001A7DE6 /* main.cpp */,
				ADA05A111A90853E00DCA4BB /* main2.cpp */,
				ADA05A131A9085B500DCA4BB /* main3.cpp */,
			);
			path = "proj3 warmup";
			sourceTree = "<group>";
		};
/* End PBXGroup section */

/* Begin PBXNativeTarget section */
		ADC2F5BC1A8BED84001A7DE6 /* proj3 warmup */ = {
			isa = PBXNativeTarget;
			buildConfigurationList = ADC2F5C41A8BED84001A7DE6 /* Build configuration list for PBXNativeTarget "proj3 warmup" */;
			buildPhases = (
				ADC2F5B91A8BED84001A7DE6 /* Sources */,
				ADC2F5BA1A8BED84001A7DE6 /* Frameworks */,
				ADC2F5BB1A8BED84001A7DE6 /* CopyFiles */,
			);
			buildRules = (
			);
			dependencies = (
			);
			name = "proj3 warmup";
			productName = "proj3 warmup";
			productReference = ADC2F5BD1A8BED84001A7DE6 /* proj3 warmup */;
			productType = "com.apple.product-type.tool";
		};
/* End PBXNativeTarget section */

/* Begin PBXProject section */
		ADC2F5B51A8BED84001A7DE6 /* Project object */ = {
			isa = PBXProject;
			attributes = {
				LastUpgradeCheck = 0610;
				ORGANIZATIONNAME = UCLA;
				TargetAttributes = {
					ADC2F5BC1A8BED84001A7DE6 = {
						CreatedOnToolsVersion = 6.1.1;
					};
				};
			};
			buildConfigurationList = ADC2F5B81A8BED84001A7DE6 /* Build configuration list for PBXProject "proj3 warmup" */;
			compatibilityVersion = "Xcode 3.2";
			developmentRegion = English;
			hasScannedForEncodings = 0;
			knownRegions = (
				en,
			);
			mainGroup = ADC2F5B41A8BED84001A7DE6;
			productRefGroup = ADC2F5BE1A8BED84001A7DE6 /* Products */;
			projectDirPath = "";
			projectRoot = "";
			targets = (
				ADC2F5BC1A8BED84001A7DE6 /* proj3 warmup */,
			);
		};
/* End PBXProject section */

/* Begin PBXSourcesBuildPhase section */
		ADC2F5B91A8BED84001A7DE6 /* Sources */ = {
			isa = PBXSourcesBuildPhase;
			buildActionMask = 2147483647;
			files = (
				ADA05A141A9085B500DCA4BB /* main3.cpp in Sources */,
				ADC2F5C11A8BED84001A7DE6 /* main.cpp in Sources */,
				ADA05A121A90853E00DCA4BB /* main2.cpp in Sources */,
			);
			runOnlyForDeploymentPostprocessing = 0;
		};
/* End PBXSourcesBuildPhase section */

/* Begin XCBuildConfiguration section */
		ADC2F5C21A8BED84001A7DE6 /* Debug */ = {
			isa = XCBuildConfiguration;
			buildSettings = {
				ALWAYS_SEARCH_USER_PATHS = NO;
				CLANG_CXX_LANGUAGE_STANDARD = "gnu++0x";
				CLANG_CXX_LIBRARY = "libc++";
				CLANG_ENABLE_MODULES = YES;
				CLANG_ENABLE_OBJC_ARC = YES;
				CLANG_WARN_BOOL_CONVERSION = YES;
				CLANG_WARN_CONSTANT_CONVERSION = YES;
				CLANG_WARN_DIRECT_OBJC_ISA_USAGE = YES_ERROR;
				CLANG_WARN_EMPTY_BODY = YES;
				CLANG_WARN_ENUM_CONVERSION = YES;
				CLANG_WARN_INT_CONVERSION = YES;
				CLANG_WARN_OBJC_ROOT_CLASS = YES_ERROR;
				CLANG_WARN_UNREACHABLE_CODE = YES;
				CLANG_WARN__DUPLICATE_METHOD_MATCH = YES;
				COPY_PHASE_STRIP = NO;
				ENABLE_STRICT_OBJC_MSGSEND = YES;
				GCC_C_LANGUAGE_STANDARD = gnu99;
				GCC_DYNAMIC_NO_PIC = NO;
				GCC_OPTIMIZATION_LEVEL = 0;
				GCC_PREPROCESSOR_DEFINITIONS = (
					"DEBUG=1",
					"$(inherited)",
				);
				GCC_SYMBOLS_PRIVATE_EXTERN = NO;
				GCC_WARN_64_TO_32_BIT_CONVERSION = YES;
				GCC_WARN_ABOUT_RETURN_TYPE = YES_ERROR;
				GCC_WARN_UNDECLARED_SELECTOR = YES;
				GCC_WARN_UNINITIALIZED_AUTOS = YES_AGGRESSIVE;
				GCC_WARN_UNUSED_FUNCTION = YES;
				GCC_WARN_UNUSED_VARIABLE = YES;
				MACOSX_DEPLOYMENT_TARGET = 10.10;
				MTL_ENABLE_DEBUG_INFO = YES;
				ONLY_ACTIVE_ARCH = YES;
				SDKROOT = macosx;
			};
			name = Debug;
		};
		ADC2F5C31A8BED84001A7DE6 /* Release */ = {
			isa = XCBuildConfiguration;
			buildSettings = {
				ALWAYS_SEARCH_USER_PATHS = NO;
				CLANG_CXX_LANGUAGE_STANDARD = "gnu++0x";
				CLANG_CXX_LIBRARY = "libc++";
				CLANG_ENABLE_MODULES = YES;
				CLANG_ENABLE_OBJC_ARC = YES;
				CLANG_WARN_BOOL_CONVERSION = YES;
				CLANG_WARN_CONSTANT_CONVERSION = YES;
				CLANG_WARN_DIRECT_OBJC_ISA_USAGE = YES_ERROR;
				CLANG_WARN_EMPTY_BODY = YES;
				CLANG_WARN_ENUM_CONVERSION = YES;
				CLANG_WARN_INT_CONVERSION = YES;
				CLANG_WARN_OBJC_ROOT_CLASS = YES_ERROR;
				CLANG_WARN_UNREACHABLE_CODE = YES;
				CLANG_WARN__DUPLICATE_METHOD_MATCH = YES;
				COPY_PHASE_STRIP = YES;
				DEBUG_INFORMATION_FORMAT = "dwarf-with-dsym";
				ENABLE_NS_ASSERTIONS = NO;
				ENABLE_STRICT_OBJC_MSGSEND = YES;
				GCC_C_LANGUAGE_STANDARD = gnu99;
				GCC_WARN_64_TO_32_BIT_CONVERSION = YES;
				GCC_WARN_ABOUT_RETURN_TYPE = YES_ERROR;
				GCC_WARN_UNDECLARED_SELECTOR = YES;
				GCC_WARN_UNINITIALIZED_AUTOS = YES_AGGRESSIVE;
				GCC_WARN_UNUSED_FUNCTION = YES;
				GCC_WARN_UNUSED_VARIABLE = YES;
				MACOSX_DEPLOYMENT_TARGET = 10.10;
				MTL_ENABLE_DEBUG_INFO = NO;
				SDKROOT = macosx;
			};
			name = Release;
		};
		ADC2F5C51A8BED84001A7DE6 /* Debug */ = {
			isa = XCBuildConfiguration;
			buildSettings = {
				PRODUCT_NAME = "$(TARGET_NAME)";
			};
			name = Debug;
		};
		ADC2F5C61A8BED84001A7DE6 /* Release */ = {
			isa = XCBuildConfiguration;
			buildSettings = {
				PRODUCT_NAME = "$(TARGET_NAME)";
			};
			name = Release;
		};
/* End XCBuildConfiguration section */

/* Begin XCConfigurationList section */
		ADC2F5B81A8BED84001A7DE6 /* Build configuration list for PBXProject "proj3 warmup" */ = {
			isa = XCConfigurationList;
			buildConfigurations = (
				ADC2F5C21A8BED84001A7DE6 /* Debug */,
				ADC2F5C31A8BED84001A7DE6 /* Release */,
			);
			defaultConfigurationIsVisible = 0;
			defaultConfigurationName = Release;
		};
		ADC2F5C41A8BED84001A7DE6 /* Build configuration list for PBXNativeTarget "proj3 warmup" */ = {
			isa = XCConfigurationList;
			buildConfigurations = (
				ADC2F5C51A8BED84001A7DE6 /* Debug */,
				ADC2F5C61A8BED84001A7DE6 /* Release */,
			);
			defaultConfigurationIsVisible = 0;
			defaultConfigurationName = Release;
		};
/* End XCConfigurationList section */
	};
	rootObject = ADC2F5B51A8BED84001A7DE6 /* Project object */;
}
