// !$*UTF8*$!
{
	archiveVersion = 1;
	classes = {
	};
	objectVersion = 46;
	objects = {

/* Begin PBXBuildFile section */
		ADB223931A6DD01700F22B13 /* main.cpp in Sources */ = {isa = PBXBuildFile; fileRef = ADB223921A6DD01700F22B13 /* main.cpp */; };
		ADB2239B1A6DD03500F22B13 /* newMultiset.cpp in Sources */ = {isa = PBXBuildFile; fileRef = ADB223991A6DD03500F22B13 /* newMultiset.cpp */; };
		ADB2239D1A6DD05500F22B13 /* testNewMultiset.cpp in Sources */ = {isa = PBXBuildFile; fileRef = ADB2239C1A6DD05500F22B13 /* testNewMultiset.cpp */; };
/* End PBXBuildFile section */

/* Begin PBXCopyFilesBuildPhase section */
		ADB2238D1A6DD01700F22B13 /* CopyFiles */ = {
			isa = PBXCopyFilesBuildPhase;
			buildActionMask = 2147483647;
			dstPath = /usr/share/man/man1/;
			dstSubfolderSpec = 0;
			files = (
			);
			runOnlyForDeploymentPostprocessing = 1;
		};
/* End PBXCopyFilesBuildPhase section */

/* Begin PBXFileReference section */
		ADB2238F1A6DD01700F22B13 /* q5 */ = {isa = PBXFileReference; explicitFileType = "compiled.mach-o.executable"; includeInIndex = 0; path = q5; sourceTree = BUILT_PRODUCTS_DIR; };
		ADB223921A6DD01700F22B13 /* main.cpp */ = {isa = PBXFileReference; lastKnownFileType = sourcecode.cpp.cpp; path = main.cpp; sourceTree = "<group>"; };
		ADB223991A6DD03500F22B13 /* newMultiset.cpp */ = {isa = PBXFileReference; fileEncoding = 4; lastKnownFileType = sourcecode.cpp.cpp; path = newMultiset.cpp; sourceTree = "<group>"; };
		ADB2239A1A6DD03500F22B13 /* newMultiset.h */ = {isa = PBXFileReference; fileEncoding = 4; lastKnownFileType = sourcecode.c.h; path = newMultiset.h; sourceTree = "<group>"; };
		ADB2239C1A6DD05500F22B13 /* testNewMultiset.cpp */ = {isa = PBXFileReference; fileEncoding = 4; lastKnownFileType = sourcecode.cpp.cpp; path = testNewMultiset.cpp; sourceTree = "<group>"; };
/* End PBXFileReference section */

/* Begin PBXFrameworksBuildPhase section */
		ADB2238C1A6DD01700F22B13 /* Frameworks */ = {
			isa = PBXFrameworksBuildPhase;
			buildActionMask = 2147483647;
			files = (
			);
			runOnlyForDeploymentPostprocessing = 0;
		};
/* End PBXFrameworksBuildPhase section */

/* Begin PBXGroup section */
		ADB223861A6DD01700F22B13 = {
			isa = PBXGroup;
			children = (
				ADB223911A6DD01700F22B13 /* q5 */,
				ADB223901A6DD01700F22B13 /* Products */,
			);
			sourceTree = "<group>";
		};
		ADB223901A6DD01700F22B13 /* Products */ = {
			isa = PBXGroup;
			children = (
				ADB2238F1A6DD01700F22B13 /* q5 */,
			);
			name = Products;
			sourceTree = "<group>";
		};
		ADB223911A6DD01700F22B13 /* q5 */ = {
			isa = PBXGroup;
			children = (
				ADB223921A6DD01700F22B13 /* main.cpp */,
				ADB2239A1A6DD03500F22B13 /* newMultiset.h */,
				ADB223991A6DD03500F22B13 /* newMultiset.cpp */,
				ADB2239C1A6DD05500F22B13 /* testNewMultiset.cpp */,
			);
			path = q5;
			sourceTree = "<group>";
		};
/* End PBXGroup section */

/* Begin PBXNativeTarget section */
		ADB2238E1A6DD01700F22B13 /* q5 */ = {
			isa = PBXNativeTarget;
			buildConfigurationList = ADB223961A6DD01700F22B13 /* Build configuration list for PBXNativeTarget "q5" */;
			buildPhases = (
				ADB2238B1A6DD01700F22B13 /* Sources */,
				ADB2238C1A6DD01700F22B13 /* Frameworks */,
				ADB2238D1A6DD01700F22B13 /* CopyFiles */,
			);
			buildRules = (
			);
			dependencies = (
			);
			name = q5;
			productName = q5;
			productReference = ADB2238F1A6DD01700F22B13 /* q5 */;
			productType = "com.apple.product-type.tool";
		};
/* End PBXNativeTarget section */

/* Begin PBXProject section */
		ADB223871A6DD01700F22B13 /* Project object */ = {
			isa = PBXProject;
			attributes = {
				LastUpgradeCheck = 0610;
				ORGANIZATIONNAME = UCLA;
				TargetAttributes = {
					ADB2238E1A6DD01700F22B13 = {
						CreatedOnToolsVersion = 6.1.1;
					};
				};
			};
			buildConfigurationList = ADB2238A1A6DD01700F22B13 /* Build configuration list for PBXProject "q5" */;
			compatibilityVersion = "Xcode 3.2";
			developmentRegion = English;
			hasScannedForEncodings = 0;
			knownRegions = (
				en,
			);
			mainGroup = ADB223861A6DD01700F22B13;
			productRefGroup = ADB223901A6DD01700F22B13 /* Products */;
			projectDirPath = "";
			projectRoot = "";
			targets = (
				ADB2238E1A6DD01700F22B13 /* q5 */,
			);
		};
/* End PBXProject section */

/* Begin PBXSourcesBuildPhase section */
		ADB2238B1A6DD01700F22B13 /* Sources */ = {
			isa = PBXSourcesBuildPhase;
			buildActionMask = 2147483647;
			files = (
				ADB223931A6DD01700F22B13 /* main.cpp in Sources */,
				ADB2239D1A6DD05500F22B13 /* testNewMultiset.cpp in Sources */,
				ADB2239B1A6DD03500F22B13 /* newMultiset.cpp in Sources */,
			);
			runOnlyForDeploymentPostprocessing = 0;
		};
/* End PBXSourcesBuildPhase section */

/* Begin XCBuildConfiguration section */
		ADB223941A6DD01700F22B13 /* Debug */ = {
			isa = XCBuildConfiguration;
			buildSettings = {
				ALWAYS_SEARCH_USER_PATHS = NO;
				CLANG_CXX_LANGUAGE_STANDARD = "gnu++0x";
				CLANG_CXX_LIBRARY = "libc++";
				CLANG_ENABLE_MODULES = YES;
				CLANG_ENABLE_OBJC_ARC = YES;
				CLANG_WARN_BOOL_CONVERSION = YES;
				CLANG_WARN_CONSTANT_CONVERSION = YES;
				CLANG_WARN_DIRECT_OBJC_ISA_USAGE = YES_ERROR;
				CLANG_WARN_EMPTY_BODY = YES;
				CLANG_WARN_ENUM_CONVERSION = YES;
				CLANG_WARN_INT_CONVERSION = YES;
				CLANG_WARN_OBJC_ROOT_CLASS = YES_ERROR;
				CLANG_WARN_UNREACHABLE_CODE = YES;
				CLANG_WARN__DUPLICATE_METHOD_MATCH = YES;
				COPY_PHASE_STRIP = NO;
				ENABLE_STRICT_OBJC_MSGSEND = YES;
				GCC_C_LANGUAGE_STANDARD = gnu99;
				GCC_DYNAMIC_NO_PIC = NO;
				GCC_OPTIMIZATION_LEVEL = 0;
				GCC_PREPROCESSOR_DEFINITIONS = (
					"DEBUG=1",
					"$(inherited)",
				);
				GCC_SYMBOLS_PRIVATE_EXTERN = NO;
				GCC_WARN_64_TO_32_BIT_CONVERSION = YES;
				GCC_WARN_ABOUT_RETURN_TYPE = YES_ERROR;
				GCC_WARN_UNDECLARED_SELECTOR = YES;
				GCC_WARN_UNINITIALIZED_AUTOS = YES_AGGRESSIVE;
				GCC_WARN_UNUSED_FUNCTION = YES;
				GCC_WARN_UNUSED_VARIABLE = YES;
				MACOSX_DEPLOYMENT_TARGET = 10.10;
				MTL_ENABLE_DEBUG_INFO = YES;
				ONLY_ACTIVE_ARCH = YES;
				SDKROOT = macosx;
			};
			name = Debug;
		};
		ADB223951A6DD01700F22B13 /* Release */ = {
			isa = XCBuildConfiguration;
			buildSettings = {
				ALWAYS_SEARCH_USER_PATHS = NO;
				CLANG_CXX_LANGUAGE_STANDARD = "gnu++0x";
				CLANG_CXX_LIBRARY = "libc++";
				CLANG_ENABLE_MODULES = YES;
				CLANG_ENABLE_OBJC_ARC = YES;
				CLANG_WARN_BOOL_CONVERSION = YES;
				CLANG_WARN_CONSTANT_CONVERSION = YES;
				CLANG_WARN_DIRECT_OBJC_ISA_USAGE = YES_ERROR;
				CLANG_WARN_EMPTY_BODY = YES;
				CLANG_WARN_ENUM_CONVERSION = YES;
				CLANG_WARN_INT_CONVERSION = YES;
				CLANG_WARN_OBJC_ROOT_CLASS = YES_ERROR;
				CLANG_WARN_UNREACHABLE_CODE = YES;
				CLANG_WARN__DUPLICATE_METHOD_MATCH = YES;
				COPY_PHASE_STRIP = YES;
				DEBUG_INFORMATION_FORMAT = "dwarf-with-dsym";
				ENABLE_NS_ASSERTIONS = NO;
				ENABLE_STRICT_OBJC_MSGSEND = YES;
				GCC_C_LANGUAGE_STANDARD = gnu99;
				GCC_WARN_64_TO_32_BIT_CONVERSION = YES;
				GCC_WARN_ABOUT_RETURN_TYPE = YES_ERROR;
				GCC_WARN_UNDECLARED_SELECTOR = YES;
				GCC_WARN_UNINITIALIZED_AUTOS = YES_AGGRESSIVE;
				GCC_WARN_UNUSED_FUNCTION = YES;
				GCC_WARN_UNUSED_VARIABLE = YES;
				MACOSX_DEPLOYMENT_TARGET = 10.10;
				MTL_ENABLE_DEBUG_INFO = NO;
				SDKROOT = macosx;
			};
			name = Release;
		};
		ADB223971A6DD01700F22B13 /* Debug */ = {
			isa = XCBuildConfiguration;
			buildSettings = {
				PRODUCT_NAME = "$(TARGET_NAME)";
			};
			name = Debug;
		};
		ADB223981A6DD01700F22B13 /* Release */ = {
			isa = XCBuildConfiguration;
			buildSettings = {
				PRODUCT_NAME = "$(TARGET_NAME)";
			};
			name = Release;
		};
/* End XCBuildConfiguration section */

/* Begin XCConfigurationList section */
		ADB2238A1A6DD01700F22B13 /* Build configuration list for PBXProject "q5" */ = {
			isa = XCConfigurationList;
			buildConfigurations = (
				ADB223941A6DD01700F22B13 /* Debug */,
				ADB223951A6DD01700F22B13 /* Release */,
			);
			defaultConfigurationIsVisible = 0;
			defaultConfigurationName = Release;
		};
		ADB223961A6DD01700F22B13 /* Build configuration list for PBXNativeTarget "q5" */ = {
			isa = XCConfigurationList;
			buildConfigurations = (
				ADB223971A6DD01700F22B13 /* Debug */,
				ADB223981A6DD01700F22B13 /* Release */,
			);
			defaultConfigurationIsVisible = 0;
		};
/* End XCConfigurationList section */
	};
	rootObject = ADB223871A6DD01700F22B13 /* Project object */;
}
