// !$*UTF8*$!
{
	archiveVersion = 1;
	classes = {
	};
	objectVersion = 46;
	objects = {

/* Begin PBXBuildFile section */
		AD7CA4FE1AAAA1BA00CA24DE /* main.cpp in Sources */ = {isa = PBXBuildFile; fileRef = AD7CA4FD1AAAA1BA00CA24DE /* main.cpp */; };
		AD7CA5061AAAA1C600CA24DE /* HashTable.cpp in Sources */ = {isa = PBXBuildFile; fileRef = AD7CA5041AAAA1C600CA24DE /* HashTable.cpp */; };
		AD7CA50E1AAABAA500CA24DE /* BinaryConverter.cpp in Sources */ = {isa = PBXBuildFile; fileRef = AD7CA5071AAABAA500CA24DE /* BinaryConverter.cpp */; };
		AD7CA50F1AAABAA500CA24DE /* Compressor.cpp in Sources */ = {isa = PBXBuildFile; fileRef = AD7CA5081AAABAA500CA24DE /* Compressor.cpp */; };
		AD7CA5101AAABAA500CA24DE /* Steg.cpp in Sources */ = {isa = PBXBuildFile; fileRef = AD7CA50B1AAABAA500CA24DE /* Steg.cpp */; };
		AD7CA5111AAABAA500CA24DE /* WebSteg.cpp in Sources */ = {isa = PBXBuildFile; fileRef = AD7CA50D1AAABAA500CA24DE /* WebSteg.cpp */; };
/* End PBXBuildFile section */

/* Begin PBXCopyFilesBuildPhase section */
		AD7CA4F81AAAA1BA00CA24DE /* CopyFiles */ = {
			isa = PBXCopyFilesBuildPhase;
			buildActionMask = 2147483647;
			dstPath = /usr/share/man/man1/;
			dstSubfolderSpec = 0;
			files = (
			);
			runOnlyForDeploymentPostprocessing = 1;
		};
/* End PBXCopyFilesBuildPhase section */

/* Begin PBXFileReference section */
		AD7CA4FA1AAAA1BA00CA24DE /* project4 */ = {isa = PBXFileReference; explicitFileType = "compiled.mach-o.executable"; includeInIndex = 0; path = project4; sourceTree = BUILT_PRODUCTS_DIR; };
		AD7CA4FD1AAAA1BA00CA24DE /* main.cpp */ = {isa = PBXFileReference; lastKnownFileType = sourcecode.cpp.cpp; path = main.cpp; sourceTree = "<group>"; };
		AD7CA5041AAAA1C600CA24DE /* HashTable.cpp */ = {isa = PBXFileReference; fileEncoding = 4; lastKnownFileType = sourcecode.cpp.cpp; path = HashTable.cpp; sourceTree = "<group>"; };
		AD7CA5051AAAA1C600CA24DE /* HashTable.h */ = {isa = PBXFileReference; fileEncoding = 4; lastKnownFileType = sourcecode.c.h; path = HashTable.h; sourceTree = "<group>"; };
		AD7CA5071AAABAA500CA24DE /* BinaryConverter.cpp */ = {isa = PBXFileReference; fileEncoding = 4; lastKnownFileType = sourcecode.cpp.cpp; path = BinaryConverter.cpp; sourceTree = "<group>"; };
		AD7CA5081AAABAA500CA24DE /* Compressor.cpp */ = {isa = PBXFileReference; fileEncoding = 4; lastKnownFileType = sourcecode.cpp.cpp; path = Compressor.cpp; sourceTree = "<group>"; };
		AD7CA5091AAABAA500CA24DE /* http.h */ = {isa = PBXFileReference; fileEncoding = 4; lastKnownFileType = sourcecode.c.h; path = http.h; sourceTree = "<group>"; };
		AD7CA50A1AAABAA500CA24DE /* provided.h */ = {isa = PBXFileReference; fileEncoding = 4; lastKnownFileType = sourcecode.c.h; path = provided.h; sourceTree = "<group>"; };
		AD7CA50B1AAABAA500CA24DE /* Steg.cpp */ = {isa = PBXFileReference; fileEncoding = 4; lastKnownFileType = sourcecode.cpp.cpp; path = Steg.cpp; sourceTree = "<group>"; };
		AD7CA50C1AAABAA500CA24DE /* substituteHashTable.h */ = {isa = PBXFileReference; fileEncoding = 4; lastKnownFileType = sourcecode.c.h; path = substituteHashTable.h; sourceTree = "<group>"; };
		AD7CA50D1AAABAA500CA24DE /* WebSteg.cpp */ = {isa = PBXFileReference; fileEncoding = 4; lastKnownFileType = sourcecode.cpp.cpp; path = WebSteg.cpp; sourceTree = "<group>"; };
/* End PBXFileReference section */

/* Begin PBXFrameworksBuildPhase section */
		AD7CA4F71AAAA1BA00CA24DE /* Frameworks */ = {
			isa = PBXFrameworksBuildPhase;
			buildActionMask = 2147483647;
			files = (
			);
			runOnlyForDeploymentPostprocessing = 0;
		};
/* End PBXFrameworksBuildPhase section */

/* Begin PBXGroup section */
		AD7CA4F11AAAA1BA00CA24DE = {
			isa = PBXGroup;
			children = (
				AD7CA4FC1AAAA1BA00CA24DE /* project4 */,
				AD7CA4FB1AAAA1BA00CA24DE /* Products */,
			);
			sourceTree = "<group>";
		};
		AD7CA4FB1AAAA1BA00CA24DE /* Products */ = {
			isa = PBXGroup;
			children = (
				AD7CA4FA1AAAA1BA00CA24DE /* project4 */,
			);
			name = Products;
			sourceTree = "<group>";
		};
		AD7CA4FC1AAAA1BA00CA24DE /* project4 */ = {
			isa = PBXGroup;
			children = (
				AD7CA4FD1AAAA1BA00CA24DE /* main.cpp */,
				AD7CA5041AAAA1C600CA24DE /* HashTable.cpp */,
				AD7CA5051AAAA1C600CA24DE /* HashTable.h */,
				AD7CA5071AAABAA500CA24DE /* BinaryConverter.cpp */,
				AD7CA5081AAABAA500CA24DE /* Compressor.cpp */,
				AD7CA5091AAABAA500CA24DE /* http.h */,
				AD7CA50A1AAABAA500CA24DE /* provided.h */,
				AD7CA50B1AAABAA500CA24DE /* Steg.cpp */,
				AD7CA50D1AAABAA500CA24DE /* WebSteg.cpp */,
				AD7CA50C1AAABAA500CA24DE /* substituteHashTable.h */,
			);
			path = project4;
			sourceTree = "<group>";
		};
/* End PBXGroup section */

/* Begin PBXNativeTarget section */
		AD7CA4F91AAAA1BA00CA24DE /* project4 */ = {
			isa = PBXNativeTarget;
			buildConfigurationList = AD7CA5011AAAA1BA00CA24DE /* Build configuration list for PBXNativeTarget "project4" */;
			buildPhases = (
				AD7CA4F61AAAA1BA00CA24DE /* Sources */,
				AD7CA4F71AAAA1BA00CA24DE /* Frameworks */,
				AD7CA4F81AAAA1BA00CA24DE /* CopyFiles */,
			);
			buildRules = (
			);
			dependencies = (
			);
			name = project4;
			productName = project4;
			productReference = AD7CA4FA1AAAA1BA00CA24DE /* project4 */;
			productType = "com.apple.product-type.tool";
		};
/* End PBXNativeTarget section */

/* Begin PBXProject section */
		AD7CA4F21AAAA1BA00CA24DE /* Project object */ = {
			isa = PBXProject;
			attributes = {
				LastUpgradeCheck = 0610;
				ORGANIZATIONNAME = UCLA;
				TargetAttributes = {
					AD7CA4F91AAAA1BA00CA24DE = {
						CreatedOnToolsVersion = 6.1.1;
					};
				};
			};
			buildConfigurationList = AD7CA4F51AAAA1BA00CA24DE /* Build configuration list for PBXProject "project4" */;
			compatibilityVersion = "Xcode 3.2";
			developmentRegion = English;
			hasScannedForEncodings = 0;
			knownRegions = (
				en,
			);
			mainGroup = AD7CA4F11AAAA1BA00CA24DE;
			productRefGroup = AD7CA4FB1AAAA1BA00CA24DE /* Products */;
			projectDirPath = "";
			projectRoot = "";
			targets = (
				AD7CA4F91AAAA1BA00CA24DE /* project4 */,
			);
		};
/* End PBXProject section */

/* Begin PBXSourcesBuildPhase section */
		AD7CA4F61AAAA1BA00CA24DE /* Sources */ = {
			isa = PBXSourcesBuildPhase;
			buildActionMask = 2147483647;
			files = (
				AD7CA50F1AAABAA500CA24DE /* Compressor.cpp in Sources */,
				AD7CA50E1AAABAA500CA24DE /* BinaryConverter.cpp in Sources */,
				AD7CA5061AAAA1C600CA24DE /* HashTable.cpp in Sources */,
				AD7CA4FE1AAAA1BA00CA24DE /* main.cpp in Sources */,
				AD7CA5101AAABAA500CA24DE /* Steg.cpp in Sources */,
				AD7CA5111AAABAA500CA24DE /* WebSteg.cpp in Sources */,
			);
			runOnlyForDeploymentPostprocessing = 0;
		};
/* End PBXSourcesBuildPhase section */

/* Begin XCBuildConfiguration section */
		AD7CA4FF1AAAA1BA00CA24DE /* Debug */ = {
			isa = XCBuildConfiguration;
			buildSettings = {
				ALWAYS_SEARCH_USER_PATHS = NO;
				CLANG_CXX_LANGUAGE_STANDARD = "gnu++0x";
				CLANG_CXX_LIBRARY = "libc++";
				CLANG_ENABLE_MODULES = YES;
				CLANG_ENABLE_OBJC_ARC = YES;
				CLANG_WARN_BOOL_CONVERSION = YES;
				CLANG_WARN_CONSTANT_CONVERSION = YES;
				CLANG_WARN_DIRECT_OBJC_ISA_USAGE = YES_ERROR;
				CLANG_WARN_EMPTY_BODY = YES;
				CLANG_WARN_ENUM_CONVERSION = YES;
				CLANG_WARN_INT_CONVERSION = YES;
				CLANG_WARN_OBJC_ROOT_CLASS = YES_ERROR;
				CLANG_WARN_UNREACHABLE_CODE = YES;
				CLANG_WARN__DUPLICATE_METHOD_MATCH = YES;
				COPY_PHASE_STRIP = NO;
				ENABLE_STRICT_OBJC_MSGSEND = YES;
				GCC_C_LANGUAGE_STANDARD = gnu99;
				GCC_DYNAMIC_NO_PIC = NO;
				GCC_OPTIMIZATION_LEVEL = 0;
				GCC_PREPROCESSOR_DEFINITIONS = (
					"DEBUG=1",
					"$(inherited)",
				);
				GCC_SYMBOLS_PRIVATE_EXTERN = NO;
				GCC_WARN_64_TO_32_BIT_CONVERSION = YES;
				GCC_WARN_ABOUT_RETURN_TYPE = YES_ERROR;
				GCC_WARN_UNDECLARED_SELECTOR = YES;
				GCC_WARN_UNINITIALIZED_AUTOS = YES_AGGRESSIVE;
				GCC_WARN_UNUSED_FUNCTION = YES;
				GCC_WARN_UNUSED_VARIABLE = YES;
				MACOSX_DEPLOYMENT_TARGET = 10.10;
				MTL_ENABLE_DEBUG_INFO = YES;
				ONLY_ACTIVE_ARCH = YES;
				SDKROOT = macosx;
			};
			name = Debug;
		};
		AD7CA5001AAAA1BA00CA24DE /* Release */ = {
			isa = XCBuildConfiguration;
			buildSettings = {
				ALWAYS_SEARCH_USER_PATHS = NO;
				CLANG_CXX_LANGUAGE_STANDARD = "gnu++0x";
				CLANG_CXX_LIBRARY = "libc++";
				CLANG_ENABLE_MODULES = YES;
				CLANG_ENABLE_OBJC_ARC = YES;
				CLANG_WARN_BOOL_CONVERSION = YES;
				CLANG_WARN_CONSTANT_CONVERSION = YES;
				CLANG_WARN_DIRECT_OBJC_ISA_USAGE = YES_ERROR;
				CLANG_WARN_EMPTY_BODY = YES;
				CLANG_WARN_ENUM_CONVERSION = YES;
				CLANG_WARN_INT_CONVERSION = YES;
				CLANG_WARN_OBJC_ROOT_CLASS = YES_ERROR;
				CLANG_WARN_UNREACHABLE_CODE = YES;
				CLANG_WARN__DUPLICATE_METHOD_MATCH = YES;
				COPY_PHASE_STRIP = YES;
				DEBUG_INFORMATION_FORMAT = "dwarf-with-dsym";
				ENABLE_NS_ASSERTIONS = NO;
				ENABLE_STRICT_OBJC_MSGSEND = YES;
				GCC_C_LANGUAGE_STANDARD = gnu99;
				GCC_WARN_64_TO_32_BIT_CONVERSION = YES;
				GCC_WARN_ABOUT_RETURN_TYPE = YES_ERROR;
				GCC_WARN_UNDECLARED_SELECTOR = YES;
				GCC_WARN_UNINITIALIZED_AUTOS = YES_AGGRESSIVE;
				GCC_WARN_UNUSED_FUNCTION = YES;
				GCC_WARN_UNUSED_VARIABLE = YES;
				MACOSX_DEPLOYMENT_TARGET = 10.10;
				MTL_ENABLE_DEBUG_INFO = NO;
				SDKROOT = macosx;
			};
			name = Release;
		};
		AD7CA5021AAAA1BA00CA24DE /* Debug */ = {
			isa = XCBuildConfiguration;
			buildSettings = {
				PRODUCT_NAME = "$(TARGET_NAME)";
			};
			name = Debug;
		};
		AD7CA5031AAAA1BA00CA24DE /* Release */ = {
			isa = XCBuildConfiguration;
			buildSettings = {
				PRODUCT_NAME = "$(TARGET_NAME)";
			};
			name = Release;
		};
/* End XCBuildConfiguration section */

/* Begin XCConfigurationList section */
		AD7CA4F51AAAA1BA00CA24DE /* Build configuration list for PBXProject "project4" */ = {
			isa = XCConfigurationList;
			buildConfigurations = (
				AD7CA4FF1AAAA1BA00CA24DE /* Debug */,
				AD7CA5001AAAA1BA00CA24DE /* Release */,
			);
			defaultConfigurationIsVisible = 0;
			defaultConfigurationName = Release;
		};
		AD7CA5011AAAA1BA00CA24DE /* Build configuration list for PBXNativeTarget "project4" */ = {
			isa = XCConfigurationList;
			buildConfigurations = (
				AD7CA5021AAAA1BA00CA24DE /* Debug */,
				AD7CA5031AAAA1BA00CA24DE /* Release */,
			);
			defaultConfigurationIsVisible = 0;
		};
/* End XCConfigurationList section */
	};
	rootObject = AD7CA4F21AAAA1BA00CA24DE /* Project object */;
}
